// !$*UTF8*$!
{
	archiveVersion = 1;
	classes = {
	};
	objectVersion = 46;
	objects = {

/* Begin PBXBuildFile section */
		B441804F1985A71300F27CD1 /* Foundation.framework in Frameworks */ = {isa = PBXBuildFile; fileRef = B441804E1985A71300F27CD1 /* Foundation.framework */; };
		B44180511985A71300F27CD1 /* CoreGraphics.framework in Frameworks */ = {isa = PBXBuildFile; fileRef = B44180501985A71300F27CD1 /* CoreGraphics.framework */; };
		B44180531985A71300F27CD1 /* UIKit.framework in Frameworks */ = {isa = PBXBuildFile; fileRef = B44180521985A71300F27CD1 /* UIKit.framework */; };
		B44180591985A71300F27CD1 /* InfoPlist.strings in Resources */ = {isa = PBXBuildFile; fileRef = B44180571985A71300F27CD1 /* InfoPlist.strings */; };
		B441805B1985A71300F27CD1 /* main.m in Sources */ = {isa = PBXBuildFile; fileRef = B441805A1985A71300F27CD1 /* main.m */; };
		B441805F1985A71300F27CD1 /* AppDelegate.m in Sources */ = {isa = PBXBuildFile; fileRef = B441805E1985A71300F27CD1 /* AppDelegate.m */; };
		B44180651985A71300F27CD1 /* ViewController.m in Sources */ = {isa = PBXBuildFile; fileRef = B44180641985A71300F27CD1 /* ViewController.m */; };
		B44180671985A71300F27CD1 /* Images.xcassets in Resources */ = {isa = PBXBuildFile; fileRef = B44180661985A71300F27CD1 /* Images.xcassets */; };
		B44180861985A8F800F27CD1 /* CommentThreadTree.xib in Resources */ = {isa = PBXBuildFile; fileRef = B44180851985A8F800F27CD1 /* CommentThreadTree.xib */; };
		B441808A1985B08200F27CD1 /* TreeObject.m in Sources */ = {isa = PBXBuildFile; fileRef = B44180891985B08200F27CD1 /* TreeObject.m */; };
		B441808F1985C5CD00F27CD1 /* CommentThreadTableViewCell.m in Sources */ = {isa = PBXBuildFile; fileRef = B441808E1985C5CD00F27CD1 /* CommentThreadTableViewCell.m */; };
		B44180921985C5E000F27CD1 /* CommentThreadSectionHeaderView.m in Sources */ = {isa = PBXBuildFile; fileRef = B44180911985C5E000F27CD1 /* CommentThreadSectionHeaderView.m */; };
/* End PBXBuildFile section */

/* Begin PBXFileReference section */
		B441804B1985A71300F27CD1 /* CommentThreadTree.app */ = {isa = PBXFileReference; explicitFileType = wrapper.application; includeInIndex = 0; path = CommentThreadTree.app; sourceTree = BUILT_PRODUCTS_DIR; };
		B441804E1985A71300F27CD1 /* Foundation.framework */ = {isa = PBXFileReference; lastKnownFileType = wrapper.framework; name = Foundation.framework; path = System/Library/Frameworks/Foundation.framework; sourceTree = SDKROOT; };
		B44180501985A71300F27CD1 /* CoreGraphics.framework */ = {isa = PBXFileReference; lastKnownFileType = wrapper.framework; name = CoreGraphics.framework; path = System/Library/Frameworks/CoreGraphics.framework; sourceTree = SDKROOT; };
		B44180521985A71300F27CD1 /* UIKit.framework */ = {isa = PBXFileReference; lastKnownFileType = wrapper.framework; name = UIKit.framework; path = System/Library/Frameworks/UIKit.framework; sourceTree = SDKROOT; };
		B44180561985A71300F27CD1 /* CommentThreadTree-Info.plist */ = {isa = PBXFileReference; lastKnownFileType = text.plist.xml; path = "CommentThreadTree-Info.plist"; sourceTree = "<group>"; };
		B44180581985A71300F27CD1 /* en */ = {isa = PBXFileReference; lastKnownFileType = text.plist.strings; name = en; path = en.lproj/InfoPlist.strings; sourceTree = "<group>"; };
		B441805A1985A71300F27CD1 /* main.m */ = {isa = PBXFileReference; lastKnownFileType = sourcecode.c.objc; path = main.m; sourceTree = "<group>"; };
		B441805C1985A71300F27CD1 /* CommentThreadTree-Prefix.pch */ = {isa = PBXFileReference; lastKnownFileType = sourcecode.c.h; path = "CommentThreadTree-Prefix.pch"; sourceTree = "<group>"; };
		B441805D1985A71300F27CD1 /* AppDelegate.h */ = {isa = PBXFileReference; lastKnownFileType = sourcecode.c.h; path = AppDelegate.h; sourceTree = "<group>"; };
		B441805E1985A71300F27CD1 /* AppDelegate.m */ = {isa = PBXFileReference; lastKnownFileType = sourcecode.c.objc; path = AppDelegate.m; sourceTree = "<group>"; };
		B44180631985A71300F27CD1 /* ViewController.h */ = {isa = PBXFileReference; lastKnownFileType = sourcecode.c.h; path = ViewController.h; sourceTree = "<group>"; };
		B44180641985A71300F27CD1 /* ViewController.m */ = {isa = PBXFileReference; lastKnownFileType = sourcecode.c.objc; path = ViewController.m; sourceTree = "<group>"; };
		B44180661985A71300F27CD1 /* Images.xcassets */ = {isa = PBXFileReference; lastKnownFileType = folder.assetcatalog; path = Images.xcassets; sourceTree = "<group>"; };
		B441806D1985A71300F27CD1 /* XCTest.framework */ = {isa = PBXFileReference; lastKnownFileType = wrapper.framework; name = XCTest.framework; path = Library/Frameworks/XCTest.framework; sourceTree = DEVELOPER_DIR; };
		B44180851985A8F800F27CD1 /* CommentThreadTree.xib */ = {isa = PBXFileReference; fileEncoding = 4; lastKnownFileType = file.xib; path = CommentThreadTree.xib; sourceTree = "<group>"; };
		B44180881985B08200F27CD1 /* TreeObject.h */ = {isa = PBXFileReference; fileEncoding = 4; lastKnownFileType = sourcecode.c.h; path = TreeObject.h; sourceTree = "<group>"; };
		B44180891985B08200F27CD1 /* TreeObject.m */ = {isa = PBXFileReference; fileEncoding = 4; lastKnownFileType = sourcecode.c.objc; path = TreeObject.m; sourceTree = "<group>"; };
		B441808D1985C5CD00F27CD1 /* CommentThreadTableViewCell.h */ = {isa = PBXFileReference; fileEncoding = 4; lastKnownFileType = sourcecode.c.h; path = CommentThreadTableViewCell.h; sourceTree = "<group>"; };
		B441808E1985C5CD00F27CD1 /* CommentThreadTableViewCell.m */ = {isa = PBXFileReference; fileEncoding = 4; lastKnownFileType = sourcecode.c.objc; path = CommentThreadTableViewCell.m; sourceTree = "<group>"; };
		B44180901985C5E000F27CD1 /* CommentThreadSectionHeaderView.h */ = {isa = PBXFileReference; fileEncoding = 4; lastKnownFileType = sourcecode.c.h; path = CommentThreadSectionHeaderView.h; sourceTree = "<group>"; };
		B44180911985C5E000F27CD1 /* CommentThreadSectionHeaderView.m */ = {isa = PBXFileReference; fileEncoding = 4; lastKnownFileType = sourcecode.c.objc; path = CommentThreadSectionHeaderView.m; sourceTree = "<group>"; };
/* End PBXFileReference section */

/* Begin PBXFrameworksBuildPhase section */
		B44180481985A71300F27CD1 /* Frameworks */ = {
			isa = PBXFrameworksBuildPhase;
			buildActionMask = 2147483647;
			files = (
				B44180511985A71300F27CD1 /* CoreGraphics.framework in Frameworks */,
				B44180531985A71300F27CD1 /* UIKit.framework in Frameworks */,
				B441804F1985A71300F27CD1 /* Foundation.framework in Frameworks */,
			);
			runOnlyForDeploymentPostprocessing = 0;
		};
/* End PBXFrameworksBuildPhase section */

/* Begin PBXGroup section */
		B44180421985A71200F27CD1 = {
			isa = PBXGroup;
			children = (
				B44180541985A71300F27CD1 /* CommentThreadTree */,
				B441804D1985A71300F27CD1 /* Frameworks */,
				B441804C1985A71300F27CD1 /* Products */,
			);
			sourceTree = "<group>";
		};
		B441804C1985A71300F27CD1 /* Products */ = {
			isa = PBXGroup;
			children = (
				B441804B1985A71300F27CD1 /* CommentThreadTree.app */,
			);
			name = Products;
			sourceTree = "<group>";
		};
		B441804D1985A71300F27CD1 /* Frameworks */ = {
			isa = PBXGroup;
			children = (
				B441804E1985A71300F27CD1 /* Foundation.framework */,
				B44180501985A71300F27CD1 /* CoreGraphics.framework */,
				B44180521985A71300F27CD1 /* UIKit.framework */,
				B441806D1985A71300F27CD1 /* XCTest.framework */,
			);
			name = Frameworks;
			sourceTree = "<group>";
		};
		B44180541985A71300F27CD1 /* CommentThreadTree */ = {
			isa = PBXGroup;
			children = (
				B441808B1985C5A400F27CD1 /* CommentThreadSectionHeaderView */,
				B441808C1985C5AB00F27CD1 /* CommentThreadCell */,
				B44180871985B07000F27CD1 /* TreeObject */,
				B441805D1985A71300F27CD1 /* AppDelegate.h */,
				B441805E1985A71300F27CD1 /* AppDelegate.m */,
				B44180631985A71300F27CD1 /* ViewController.h */,
				B44180641985A71300F27CD1 /* ViewController.m */,
				B44180851985A8F800F27CD1 /* CommentThreadTree.xib */,
				B44180661985A71300F27CD1 /* Images.xcassets */,
				B44180551985A71300F27CD1 /* Supporting Files */,
			);
			path = CommentThreadTree;
			sourceTree = "<group>";
		};
		B44180551985A71300F27CD1 /* Supporting Files */ = {
			isa = PBXGroup;
			children = (
				B44180561985A71300F27CD1 /* CommentThreadTree-Info.plist */,
				B44180571985A71300F27CD1 /* InfoPlist.strings */,
				B441805A1985A71300F27CD1 /* main.m */,
				B441805C1985A71300F27CD1 /* CommentThreadTree-Prefix.pch */,
			);
			name = "Supporting Files";
			sourceTree = "<group>";
		};
		B44180871985B07000F27CD1 /* TreeObject */ = {
			isa = PBXGroup;
			children = (
				B44180881985B08200F27CD1 /* TreeObject.h */,
				B44180891985B08200F27CD1 /* TreeObject.m */,
			);
			path = TreeObject;
			sourceTree = "<group>";
		};
		B441808B1985C5A400F27CD1 /* CommentThreadSectionHeaderView */ = {
			isa = PBXGroup;
			children = (
				B44180901985C5E000F27CD1 /* CommentThreadSectionHeaderView.h */,
				B44180911985C5E000F27CD1 /* CommentThreadSectionHeaderView.m */,
			);
			name = CommentThreadSectionHeaderView;
			path = CommentThreadTree/CommentThreadHeaderView;
			sourceTree = SOURCE_ROOT;
		};
		B441808C1985C5AB00F27CD1 /* CommentThreadCell */ = {
			isa = PBXGroup;
			children = (
				B441808D1985C5CD00F27CD1 /* CommentThreadTableViewCell.h */,
				B441808E1985C5CD00F27CD1 /* CommentThreadTableViewCell.m */,
			);
			name = CommentThreadCell;
			path = CommentThreadTree/CommentThreadCell;
			sourceTree = SOURCE_ROOT;
		};
/* End PBXGroup section */

/* Begin PBXNativeTarget section */
		B441804A1985A71300F27CD1 /* CommentThreadTree */ = {
			isa = PBXNativeTarget;
			buildConfigurationList = B441807D1985A71300F27CD1 /* Build configuration list for PBXNativeTarget "CommentThreadTree" */;
			buildPhases = (
				B44180471985A71300F27CD1 /* Sources */,
				B44180481985A71300F27CD1 /* Frameworks */,
				B44180491985A71300F27CD1 /* Resources */,
			);
			buildRules = (
			);
			dependencies = (
			);
			name = CommentThreadTree;
			productName = CommentThreadTree;
			productReference = B441804B1985A71300F27CD1 /* CommentThreadTree.app */;
			productType = "com.apple.product-type.application";
		};
/* End PBXNativeTarget section */

/* Begin PBXProject section */
		B44180431985A71200F27CD1 /* Project object */ = {
			isa = PBXProject;
			attributes = {
				LastUpgradeCheck = 0510;
				ORGANIZATIONNAME = stevenchien;
			};
			buildConfigurationList = B44180461985A71200F27CD1 /* Build configuration list for PBXProject "CommentThreadTree" */;
			compatibilityVersion = "Xcode 3.2";
			developmentRegion = English;
			hasScannedForEncodings = 0;
			knownRegions = (
				en,
				Base,
			);
			mainGroup = B44180421985A71200F27CD1;
			productRefGroup = B441804C1985A71300F27CD1 /* Products */;
			projectDirPath = "";
			projectRoot = "";
			targets = (
				B441804A1985A71300F27CD1 /* CommentThreadTree */,
			);
		};
/* End PBXProject section */

/* Begin PBXResourcesBuildPhase section */
		B44180491985A71300F27CD1 /* Resources */ = {
			isa = PBXResourcesBuildPhase;
			buildActionMask = 2147483647;
			files = (
				B44180861985A8F800F27CD1 /* CommentThreadTree.xib in Resources */,
				B44180671985A71300F27CD1 /* Images.xcassets in Resources */,
				B44180591985A71300F27CD1 /* InfoPlist.strings in Resources */,
			);
			runOnlyForDeploymentPostprocessing = 0;
		};
/* End PBXResourcesBuildPhase section */

/* Begin PBXSourcesBuildPhase section */
		B44180471985A71300F27CD1 /* Sources */ = {
			isa = PBXSourcesBuildPhase;
			buildActionMask = 2147483647;
			files = (
				B44180651985A71300F27CD1 /* ViewController.m in Sources */,
				B441805F1985A71300F27CD1 /* AppDelegate.m in Sources */,
				B441808A1985B08200F27CD1 /* TreeObject.m in Sources */,
				B441808F1985C5CD00F27CD1 /* CommentThreadTableViewCell.m in Sources */,
				B44180921985C5E000F27CD1 /* CommentThreadSectionHeaderView.m in Sources */,
				B441805B1985A71300F27CD1 /* main.m in Sources */,
			);
			runOnlyForDeploymentPostprocessing = 0;
		};
/* End PBXSourcesBuildPhase section */

/* Begin PBXVariantGroup section */
		B44180571985A71300F27CD1 /* InfoPlist.strings */ = {
			isa = PBXVariantGroup;
			children = (
				B44180581985A71300F27CD1 /* en */,
			);
			name = InfoPlist.strings;
			sourceTree = "<group>";
		};
/* End PBXVariantGroup section */

/* Begin XCBuildConfiguration section */
		B441807B1985A71300F27CD1 /* Debug */ = {
			isa = XCBuildConfiguration;
			buildSettings = {
				ALWAYS_SEARCH_USER_PATHS = NO;
				CLANG_CXX_LANGUAGE_STANDARD = "gnu++0x";
				CLANG_CXX_LIBRARY = "libc++";
				CLANG_ENABLE_MODULES = YES;
				CLANG_ENABLE_OBJC_ARC = YES;
				CLANG_WARN_BOOL_CONVERSION = YES;
				CLANG_WARN_CONSTANT_CONVERSION = YES;
				CLANG_WARN_DIRECT_OBJC_ISA_USAGE = YES_ERROR;
				CLANG_WARN_EMPTY_BODY = YES;
				CLANG_WARN_ENUM_CONVERSION = YES;
				CLANG_WARN_INT_CONVERSION = YES;
				CLANG_WARN_OBJC_ROOT_CLASS = YES_ERROR;
				CLANG_WARN__DUPLICATE_METHOD_MATCH = YES;
				"CODE_SIGN_IDENTITY[sdk=iphoneos*]" = "iPhone Developer";
				COPY_PHASE_STRIP = NO;
				GCC_C_LANGUAGE_STANDARD = gnu99;
				GCC_DYNAMIC_NO_PIC = NO;
				GCC_OPTIMIZATION_LEVEL = 0;
				GCC_PREPROCESSOR_DEFINITIONS = (
					"DEBUG=1",
					"$(inherited)",
				);
				GCC_SYMBOLS_PRIVATE_EXTERN = NO;
				GCC_WARN_64_TO_32_BIT_CONVERSION = YES;
				GCC_WARN_ABOUT_RETURN_TYPE = YES_ERROR;
				GCC_WARN_UNDECLARED_SELECTOR = YES;
				GCC_WARN_UNINITIALIZED_AUTOS = YES_AGGRESSIVE;
				GCC_WARN_UNUSED_FUNCTION = YES;
				GCC_WARN_UNUSED_VARIABLE = YES;
				IPHONEOS_DEPLOYMENT_TARGET = 7.0;
				ONLY_ACTIVE_ARCH = YES;
				SDKROOT = iphoneos7.0;
			};
			name = Debug;
		};
		B441807C1985A71300F27CD1 /* Release */ = {
			isa = XCBuildConfiguration;
			buildSettings = {
				ALWAYS_SEARCH_USER_PATHS = NO;
				CLANG_CXX_LANGUAGE_STANDARD = "gnu++0x";
				CLANG_CXX_LIBRARY = "libc++";
				CLANG_ENABLE_MODULES = YES;
				CLANG_ENABLE_OBJC_ARC = YES;
				CLANG_WARN_BOOL_CONVERSION = YES;
				CLANG_WARN_CONSTANT_CONVERSION = YES;
				CLANG_WARN_DIRECT_OBJC_ISA_USAGE = YES_ERROR;
				CLANG_WARN_EMPTY_BODY = YES;
				CLANG_WARN_ENUM_CONVERSION = YES;
				CLANG_WARN_INT_CONVERSION = YES;
				CLANG_WARN_OBJC_ROOT_CLASS = YES_ERROR;
				CLANG_WARN__DUPLICATE_METHOD_MATCH = YES;
				"CODE_SIGN_IDENTITY[sdk=iphoneos*]" = "iPhone Developer";
				COPY_PHASE_STRIP = YES;
				ENABLE_NS_ASSERTIONS = NO;
				GCC_C_LANGUAGE_STANDARD = gnu99;
				GCC_WARN_64_TO_32_BIT_CONVERSION = YES;
				GCC_WARN_ABOUT_RETURN_TYPE = YES_ERROR;
				GCC_WARN_UNDECLARED_SELECTOR = YES;
				GCC_WARN_UNINITIALIZED_AUTOS = YES_AGGRESSIVE;
				GCC_WARN_UNUSED_FUNCTION = YES;
				GCC_WARN_UNUSED_VARIABLE = YES;
				IPHONEOS_DEPLOYMENT_TARGET = 7.0;
				SDKROOT = iphoneos7.0;
				VALIDATE_PRODUCT = YES;
			};
			name = Release;
		};
		B441807E1985A71300F27CD1 /* Debug */ = {
			isa = XCBuildConfiguration;
			buildSettings = {
				ASSETCATALOG_COMPILER_APPICON_NAME = AppIcon;
				ASSETCATALOG_COMPILER_LAUNCHIMAGE_NAME = LaunchImage;
				GCC_PRECOMPILE_PREFIX_HEADER = YES;
				GCC_PREFIX_HEADER = "CommentThreadTree/CommentThreadTree-Prefix.pch";
				INFOPLIST_FILE = "CommentThreadTree/CommentThreadTree-Info.plist";
				IPHONEOS_DEPLOYMENT_TARGET = 7.0;
				PRODUCT_NAME = "$(TARGET_NAME)";
				WRAPPER_EXTENSION = app;
			};
			name = Debug;
		};
		B441807F1985A71300F27CD1 /* Release */ = {
			isa = XCBuildConfiguration;
			buildSettings = {
				ASSETCATALOG_COMPILER_APPICON_NAME = AppIcon;
				ASSETCATALOG_COMPILER_LAUNCHIMAGE_NAME = LaunchImage;
				GCC_PRECOMPILE_PREFIX_HEADER = YES;
				GCC_PREFIX_HEADER = "CommentThreadTree/CommentThreadTree-Prefix.pch";
				INFOPLIST_FILE = "CommentThreadTree/CommentThreadTree-Info.plist";
				IPHONEOS_DEPLOYMENT_TARGET = 7.0;
				PRODUCT_NAME = "$(TARGET_NAME)";
				WRAPPER_EXTENSION = app;
			};
			name = Release;
		};
/* End XCBuildConfiguration section */

/* Begin XCConfigurationList section */
		B44180461985A71200F27CD1 /* Build configuration list for PBXProject "CommentThreadTree" */ = {
			isa = XCConfigurationList;
			buildConfigurations = (
				B441807B1985A71300F27CD1 /* Debug */,
				B441807C1985A71300F27CD1 /* Release */,
			);
			defaultConfigurationIsVisible = 0;
			defaultConfigurationName = Release;
		};
		B441807D1985A71300F27CD1 /* Build configuration list for PBXNativeTarget "CommentThreadTree" */ = {
			isa = XCConfigurationList;
			buildConfigurations = (
				B441807E1985A71300F27CD1 /* Debug */,
				B441807F1985A71300F27CD1 /* Release */,
			);
			defaultConfigurationIsVisible = 0;
		};
/* End XCConfigurationList section */
	};
	rootObject = B44180431985A71200F27CD1 /* Project object */;
}
